
Microsoft Visual Studio Solution File, Format Version 12.00
# Visual Studio Version 16
VisualStudioVersion = 16.0.31229.75
MinimumVisualStudioVersion = 10.0.40219.1
Project("{FAE04EC0-301F-11D3-BF4B-00C04F79EFBC}") = "wepchamcongversion1", "wepchamcongversion1\wepchamcongversion1.csproj", "{0E35F15F-7919-4534-A5D9-DB38EA38255A}"
EndProject
Global
	GlobalSection(SolutionConfigurationPlatforms) = preSolution
		Debug|Any CPU = Debug|Any CPU
		Release|Any CPU = Release|Any CPU
	EndGlobalSection
	GlobalSection(ProjectConfigurationPlatforms) = postSolution
		{0E35F15F-7919-4534-A5D9-DB38EA38255A}.Debug|Any CPU.ActiveCfg = Debug|Any CPU
		{0E35F15F-7919-4534-A5D9-DB38EA38255A}.Debug|Any CPU.Build.0 = Debug|Any CPU
		{0E35F15F-7919-4534-A5D9-DB38EA38255A}.Release|Any CPU.ActiveCfg = Release|Any CPU
		{0E35F15F-7919-4534-A5D9-DB38EA38255A}.Release|Any CPU.Build.0 = Release|Any CPU
	EndGlobalSection
	GlobalSection(SolutionProperties) = preSolution
		HideSolutionNode = FALSE
	EndGlobalSection
	GlobalSection(ExtensibilityGlobals) = postSolution
		SolutionGuid = {27817826-5799-4498-A297-C67B6546F1A8}
	EndGlobalSection
EndGlobal
